
Microsoft Visual Studio Solution File, Format Version 12.00
# Visual Studio Version 17
VisualStudioVersion = 17.4.33205.214
MinimumVisualStudioVersion = 10.0.40219.1
Project("{8BC9CEB8-8B4A-11D0-8D11-00A0C91BC942}") = "2301071414_Operator", "Lecture_20230107\Lecture_20230107.vcxproj", "{D736692E-0635-4665-AEEF-738D6592D0AF}"
EndProject
Project("{8BC9CEB8-8B4A-11D0-8D11-00A0C91BC942}") = "2301071423_Operator", "2301071423_Operator\2301071423_Operator.vcxproj", "{B6170C9A-F2E6-473F-A29B-4A42FC808DCB}"
EndProject
Project("{8BC9CEB8-8B4A-11D0-8D11-00A0C91BC942}") = "2301071435_Operator", "2301071435_Operator\2301071435_Operator.vcxproj", "{7BF7E7ED-0B6D-4AAE-8266-3C832BEAADE1}"
EndProject
Project("{8BC9CEB8-8B4A-11D0-8D11-00A0C91BC942}") = "2301071450_Operator", "2301071450_Operator\2301071450_Operator.vcxproj", "{2B5112F4-EF41-4CB5-9F1A-F5DAEE752D88}"
EndProject
Project("{8BC9CEB8-8B4A-11D0-8D11-00A0C91BC942}") = "2301071507_Operator", "2301071507_Operator\2301071507_Operator.vcxproj", "{81C5FE3A-C059-4D5D-ACDE-622901841EF0}"
EndProject
Project("{8BC9CEB8-8B4A-11D0-8D11-00A0C91BC942}") = "2301071524_Operator", "2301071524_Operator\2301071524_Operator.vcxproj", "{B8309243-504D-40B3-9E5D-8122493724B8}"
EndProject
Project("{8BC9CEB8-8B4A-11D0-8D11-00A0C91BC942}") = "2301071539_Operator", "2301071539_Operator\2301071539_Operator.vcxproj", "{708E91ED-7C4F-4FD9-8588-689C0F18C6A4}"
EndProject
Project("{8BC9CEB8-8B4A-11D0-8D11-00A0C91BC942}") = "2301071552_Homework_Xor", "2301071552_Homework\2301071552_Homework.vcxproj", "{59A4E9B9-1BFE-4C8B-8D0B-E1D791B68446}"
EndProject
Project("{8BC9CEB8-8B4A-11D0-8D11-00A0C91BC942}") = "2301071619_Operator", "230107_Operator\230107_Operator.vcxproj", "{8A67DF6F-3C23-4F8E-8719-7E093537B230}"
EndProject
Project("{8BC9CEB8-8B4A-11D0-8D11-00A0C91BC942}") = "2301071625_ConditionalStatement", "2301071625_Conditional_Statement\2301071625_Conditional_Statement.vcxproj", "{E9F268B9-2637-408A-92CC-3BC7B2AA4CF8}"
EndProject
Project("{8BC9CEB8-8B4A-11D0-8D11-00A0C91BC942}") = "2301071648_ConditionalStatement", "2301071648_Conditional_Statement\2301071648_Conditional_Statement.vcxproj", "{D2C7B5E7-1457-4071-B1C2-48FB27C7C364}"
EndProject
Project("{8BC9CEB8-8B4A-11D0-8D11-00A0C91BC942}") = "2301071702_ConditionalStatement", "2301071702_Conditional_Statement\2301071702_Conditional_Statement.vcxproj", "{B8316DF0-E91A-4423-B1CD-9C4098DAE1D7}"
EndProject
Project("{8BC9CEB8-8B4A-11D0-8D11-00A0C91BC942}") = "2301071721_IterativeStatement", "2301071721_IterativeStatement\2301071721_IterativeStatement.vcxproj", "{5898595A-165A-4800-8F19-034AF0CC0F30}"
EndProject
Project("{8BC9CEB8-8B4A-11D0-8D11-00A0C91BC942}") = "2301071737_IterativeStatement", "2301071737_IterativeStatement\2301071737_IterativeStatement.vcxproj", "{C14C59FD-C140-4E1E-8352-185239283941}"
EndProject
Project("{8BC9CEB8-8B4A-11D0-8D11-00A0C91BC942}") = "2301071745_IterativeStatement", "2301071745_IterativeStatement\2301071745_IterativeStatement.vcxproj", "{40D6BD93-1AE5-4F91-9E87-7DA2AE5A6070}"
EndProject
Project("{8BC9CEB8-8B4A-11D0-8D11-00A0C91BC942}") = "2301071801_IterativeStatement", "2301071801_IterativeStatement\2301071801_IterativeStatement.vcxproj", "{82758FF2-C8B5-4BFF-9851-58C2307ADB39}"
EndProject
Project("{8BC9CEB8-8B4A-11D0-8D11-00A0C91BC942}") = "2301071803_HomeWork_DrawShape", "2301071803_DrawShape\2301071803_DrawShape.vcxproj", "{67DCC234-5223-466D-BDDF-4C37085F0040}"
EndProject
Global
	GlobalSection(SolutionConfigurationPlatforms) = preSolution
		Debug|x64 = Debug|x64
		Debug|x86 = Debug|x86
		Release|x64 = Release|x64
		Release|x86 = Release|x86
	EndGlobalSection
	GlobalSection(ProjectConfigurationPlatforms) = postSolution
		{D736692E-0635-4665-AEEF-738D6592D0AF}.Debug|x64.ActiveCfg = Debug|x64
		{D736692E-0635-4665-AEEF-738D6592D0AF}.Debug|x64.Build.0 = Debug|x64
		{D736692E-0635-4665-AEEF-738D6592D0AF}.Debug|x86.ActiveCfg = Debug|Win32
		{D736692E-0635-4665-AEEF-738D6592D0AF}.Debug|x86.Build.0 = Debug|Win32
		{D736692E-0635-4665-AEEF-738D6592D0AF}.Release|x64.ActiveCfg = Release|x64
		{D736692E-0635-4665-AEEF-738D6592D0AF}.Release|x64.Build.0 = Release|x64
		{D736692E-0635-4665-AEEF-738D6592D0AF}.Release|x86.ActiveCfg = Release|Win32
		{D736692E-0635-4665-AEEF-738D6592D0AF}.Release|x86.Build.0 = Release|Win32
		{B6170C9A-F2E6-473F-A29B-4A42FC808DCB}.Debug|x64.ActiveCfg = Debug|x64
		{B6170C9A-F2E6-473F-A29B-4A42FC808DCB}.Debug|x64.Build.0 = Debug|x64
		{B6170C9A-F2E6-473F-A29B-4A42FC808DCB}.Debug|x86.ActiveCfg = Debug|Win32
		{B6170C9A-F2E6-473F-A29B-4A42FC808DCB}.Debug|x86.Build.0 = Debug|Win32
		{B6170C9A-F2E6-473F-A29B-4A42FC808DCB}.Release|x64.ActiveCfg = Release|x64
		{B6170C9A-F2E6-473F-A29B-4A42FC808DCB}.Release|x64.Build.0 = Release|x64
		{B6170C9A-F2E6-473F-A29B-4A42FC808DCB}.Release|x86.ActiveCfg = Release|Win32
		{B6170C9A-F2E6-473F-A29B-4A42FC808DCB}.Release|x86.Build.0 = Release|Win32
		{7BF7E7ED-0B6D-4AAE-8266-3C832BEAADE1}.Debug|x64.ActiveCfg = Debug|x64
		{7BF7E7ED-0B6D-4AAE-8266-3C832BEAADE1}.Debug|x64.Build.0 = Debug|x64
		{7BF7E7ED-0B6D-4AAE-8266-3C832BEAADE1}.Debug|x86.ActiveCfg = Debug|Win32
		{7BF7E7ED-0B6D-4AAE-8266-3C832BEAADE1}.Debug|x86.Build.0 = Debug|Win32
		{7BF7E7ED-0B6D-4AAE-8266-3C832BEAADE1}.Release|x64.ActiveCfg = Release|x64
		{7BF7E7ED-0B6D-4AAE-8266-3C832BEAADE1}.Release|x64.Build.0 = Release|x64
		{7BF7E7ED-0B6D-4AAE-8266-3C832BEAADE1}.Release|x86.ActiveCfg = Release|Win32
		{7BF7E7ED-0B6D-4AAE-8266-3C832BEAADE1}.Release|x86.Build.0 = Release|Win32
		{2B5112F4-EF41-4CB5-9F1A-F5DAEE752D88}.Debug|x64.ActiveCfg = Debug|x64
		{2B5112F4-EF41-4CB5-9F1A-F5DAEE752D88}.Debug|x64.Build.0 = Debug|x64
		{2B5112F4-EF41-4CB5-9F1A-F5DAEE752D88}.Debug|x86.ActiveCfg = Debug|Win32
		{2B5112F4-EF41-4CB5-9F1A-F5DAEE752D88}.Debug|x86.Build.0 = Debug|Win32
		{2B5112F4-EF41-4CB5-9F1A-F5DAEE752D88}.Release|x64.ActiveCfg = Release|x64
		{2B5112F4-EF41-4CB5-9F1A-F5DAEE752D88}.Release|x64.Build.0 = Release|x64
		{2B5112F4-EF41-4CB5-9F1A-F5DAEE752D88}.Release|x86.ActiveCfg = Release|Win32
		{2B5112F4-EF41-4CB5-9F1A-F5DAEE752D88}.Release|x86.Build.0 = Release|Win32
		{81C5FE3A-C059-4D5D-ACDE-622901841EF0}.Debug|x64.ActiveCfg = Debug|x64
		{81C5FE3A-C059-4D5D-ACDE-622901841EF0}.Debug|x64.Build.0 = Debug|x64
		{81C5FE3A-C059-4D5D-ACDE-622901841EF0}.Debug|x86.ActiveCfg = Debug|Win32
		{81C5FE3A-C059-4D5D-ACDE-622901841EF0}.Debug|x86.Build.0 = Debug|Win32
		{81C5FE3A-C059-4D5D-ACDE-622901841EF0}.Release|x64.ActiveCfg = Release|x64
		{81C5FE3A-C059-4D5D-ACDE-622901841EF0}.Release|x64.Build.0 = Release|x64
		{81C5FE3A-C059-4D5D-ACDE-622901841EF0}.Release|x86.ActiveCfg = Release|Win32
		{81C5FE3A-C059-4D5D-ACDE-622901841EF0}.Release|x86.Build.0 = Release|Win32
		{B8309243-504D-40B3-9E5D-8122493724B8}.Debug|x64.ActiveCfg = Debug|x64
		{B8309243-504D-40B3-9E5D-8122493724B8}.Debug|x64.Build.0 = Debug|x64
		{B8309243-504D-40B3-9E5D-8122493724B8}.Debug|x86.ActiveCfg = Debug|Win32
		{B8309243-504D-40B3-9E5D-8122493724B8}.Debug|x86.Build.0 = Debug|Win32
		{B8309243-504D-40B3-9E5D-8122493724B8}.Release|x64.ActiveCfg = Release|x64
		{B8309243-504D-40B3-9E5D-8122493724B8}.Release|x64.Build.0 = Release|x64
		{B8309243-504D-40B3-9E5D-8122493724B8}.Release|x86.ActiveCfg = Release|Win32
		{B8309243-504D-40B3-9E5D-8122493724B8}.Release|x86.Build.0 = Release|Win32
		{708E91ED-7C4F-4FD9-8588-689C0F18C6A4}.Debug|x64.ActiveCfg = Debug|x64
		{708E91ED-7C4F-4FD9-8588-689C0F18C6A4}.Debug|x64.Build.0 = Debug|x64
		{708E91ED-7C4F-4FD9-8588-689C0F18C6A4}.Debug|x86.ActiveCfg = Debug|Win32
		{708E91ED-7C4F-4FD9-8588-689C0F18C6A4}.Debug|x86.Build.0 = Debug|Win32
		{708E91ED-7C4F-4FD9-8588-689C0F18C6A4}.Release|x64.ActiveCfg = Release|x64
		{708E91ED-7C4F-4FD9-8588-689C0F18C6A4}.Release|x64.Build.0 = Release|x64
		{708E91ED-7C4F-4FD9-8588-689C0F18C6A4}.Release|x86.ActiveCfg = Release|Win32
		{708E91ED-7C4F-4FD9-8588-689C0F18C6A4}.Release|x86.Build.0 = Release|Win32
		{59A4E9B9-1BFE-4C8B-8D0B-E1D791B68446}.Debug|x64.ActiveCfg = Debug|x64
		{59A4E9B9-1BFE-4C8B-8D0B-E1D791B68446}.Debug|x64.Build.0 = Debug|x64
		{59A4E9B9-1BFE-4C8B-8D0B-E1D791B68446}.Debug|x86.ActiveCfg = Debug|Win32
		{59A4E9B9-1BFE-4C8B-8D0B-E1D791B68446}.Debug|x86.Build.0 = Debug|Win32
		{59A4E9B9-1BFE-4C8B-8D0B-E1D791B68446}.Release|x64.ActiveCfg = Release|x64
		{59A4E9B9-1BFE-4C8B-8D0B-E1D791B68446}.Release|x64.Build.0 = Release|x64
		{59A4E9B9-1BFE-4C8B-8D0B-E1D791B68446}.Release|x86.ActiveCfg = Release|Win32
		{59A4E9B9-1BFE-4C8B-8D0B-E1D791B68446}.Release|x86.Build.0 = Release|Win32
		{8A67DF6F-3C23-4F8E-8719-7E093537B230}.Debug|x64.ActiveCfg = Debug|x64
		{8A67DF6F-3C23-4F8E-8719-7E093537B230}.Debug|x64.Build.0 = Debug|x64
		{8A67DF6F-3C23-4F8E-8719-7E093537B230}.Debug|x86.ActiveCfg = Debug|Win32
		{8A67DF6F-3C23-4F8E-8719-7E093537B230}.Debug|x86.Build.0 = Debug|Win32
		{8A67DF6F-3C23-4F8E-8719-7E093537B230}.Release|x64.ActiveCfg = Release|x64
		{8A67DF6F-3C23-4F8E-8719-7E093537B230}.Release|x64.Build.0 = Release|x64
		{8A67DF6F-3C23-4F8E-8719-7E093537B230}.Release|x86.ActiveCfg = Release|Win32
		{8A67DF6F-3C23-4F8E-8719-7E093537B230}.Release|x86.Build.0 = Release|Win32
		{E9F268B9-2637-408A-92CC-3BC7B2AA4CF8}.Debug|x64.ActiveCfg = Debug|x64
		{E9F268B9-2637-408A-92CC-3BC7B2AA4CF8}.Debug|x64.Build.0 = Debug|x64
		{E9F268B9-2637-408A-92CC-3BC7B2AA4CF8}.Debug|x86.ActiveCfg = Debug|Win32
		{E9F268B9-2637-408A-92CC-3BC7B2AA4CF8}.Debug|x86.Build.0 = Debug|Win32
		{E9F268B9-2637-408A-92CC-3BC7B2AA4CF8}.Release|x64.ActiveCfg = Release|x64
		{E9F268B9-2637-408A-92CC-3BC7B2AA4CF8}.Release|x64.Build.0 = Release|x64
		{E9F268B9-2637-408A-92CC-3BC7B2AA4CF8}.Release|x86.ActiveCfg = Release|Win32
		{E9F268B9-2637-408A-92CC-3BC7B2AA4CF8}.Release|x86.Build.0 = Release|Win32
		{D2C7B5E7-1457-4071-B1C2-48FB27C7C364}.Debug|x64.ActiveCfg = Debug|x64
		{D2C7B5E7-1457-4071-B1C2-48FB27C7C364}.Debug|x64.Build.0 = Debug|x64
		{D2C7B5E7-1457-4071-B1C2-48FB27C7C364}.Debug|x86.ActiveCfg = Debug|Win32
		{D2C7B5E7-1457-4071-B1C2-48FB27C7C364}.Debug|x86.Build.0 = Debug|Win32
		{D2C7B5E7-1457-4071-B1C2-48FB27C7C364}.Release|x64.ActiveCfg = Release|x64
		{D2C7B5E7-1457-4071-B1C2-48FB27C7C364}.Release|x64.Build.0 = Release|x64
		{D2C7B5E7-1457-4071-B1C2-48FB27C7C364}.Release|x86.ActiveCfg = Release|Win32
		{D2C7B5E7-1457-4071-B1C2-48FB27C7C364}.Release|x86.Build.0 = Release|Win32
		{B8316DF0-E91A-4423-B1CD-9C4098DAE1D7}.Debug|x64.ActiveCfg = Debug|x64
		{B8316DF0-E91A-4423-B1CD-9C4098DAE1D7}.Debug|x64.Build.0 = Debug|x64
		{B8316DF0-E91A-4423-B1CD-9C4098DAE1D7}.Debug|x86.ActiveCfg = Debug|Win32
		{B8316DF0-E91A-4423-B1CD-9C4098DAE1D7}.Debug|x86.Build.0 = Debug|Win32
		{B8316DF0-E91A-4423-B1CD-9C4098DAE1D7}.Release|x64.ActiveCfg = Release|x64
		{B8316DF0-E91A-4423-B1CD-9C4098DAE1D7}.Release|x64.Build.0 = Release|x64
		{B8316DF0-E91A-4423-B1CD-9C4098DAE1D7}.Release|x86.ActiveCfg = Release|Win32
		{B8316DF0-E91A-4423-B1CD-9C4098DAE1D7}.Release|x86.Build.0 = Release|Win32
		{5898595A-165A-4800-8F19-034AF0CC0F30}.Debug|x64.ActiveCfg = Debug|x64
		{5898595A-165A-4800-8F19-034AF0CC0F30}.Debug|x64.Build.0 = Debug|x64
		{5898595A-165A-4800-8F19-034AF0CC0F30}.Debug|x86.ActiveCfg = Debug|Win32
		{5898595A-165A-4800-8F19-034AF0CC0F30}.Debug|x86.Build.0 = Debug|Win32
		{5898595A-165A-4800-8F19-034AF0CC0F30}.Release|x64.ActiveCfg = Release|x64
		{5898595A-165A-4800-8F19-034AF0CC0F30}.Release|x64.Build.0 = Release|x64
		{5898595A-165A-4800-8F19-034AF0CC0F30}.Release|x86.ActiveCfg = Release|Win32
		{5898595A-165A-4800-8F19-034AF0CC0F30}.Release|x86.Build.0 = Release|Win32
		{C14C59FD-C140-4E1E-8352-185239283941}.Debug|x64.ActiveCfg = Debug|x64
		{C14C59FD-C140-4E1E-8352-185239283941}.Debug|x64.Build.0 = Debug|x64
		{C14C59FD-C140-4E1E-8352-185239283941}.Debug|x86.ActiveCfg = Debug|Win32
		{C14C59FD-C140-4E1E-8352-185239283941}.Debug|x86.Build.0 = Debug|Win32
		{C14C59FD-C140-4E1E-8352-185239283941}.Release|x64.ActiveCfg = Release|x64
		{C14C59FD-C140-4E1E-8352-185239283941}.Release|x64.Build.0 = Release|x64
		{C14C59FD-C140-4E1E-8352-185239283941}.Release|x86.ActiveCfg = Release|Win32
		{C14C59FD-C140-4E1E-8352-185239283941}.Release|x86.Build.0 = Release|Win32
		{40D6BD93-1AE5-4F91-9E87-7DA2AE5A6070}.Debug|x64.ActiveCfg = Debug|x64
		{40D6BD93-1AE5-4F91-9E87-7DA2AE5A6070}.Debug|x64.Build.0 = Debug|x64
		{40D6BD93-1AE5-4F91-9E87-7DA2AE5A6070}.Debug|x86.ActiveCfg = Debug|Win32
		{40D6BD93-1AE5-4F91-9E87-7DA2AE5A6070}.Debug|x86.Build.0 = Debug|Win32
		{40D6BD93-1AE5-4F91-9E87-7DA2AE5A6070}.Release|x64.ActiveCfg = Release|x64
		{40D6BD93-1AE5-4F91-9E87-7DA2AE5A6070}.Release|x64.Build.0 = Release|x64
		{40D6BD93-1AE5-4F91-9E87-7DA2AE5A6070}.Release|x86.ActiveCfg = Release|Win32
		{40D6BD93-1AE5-4F91-9E87-7DA2AE5A6070}.Release|x86.Build.0 = Release|Win32
		{82758FF2-C8B5-4BFF-9851-58C2307ADB39}.Debug|x64.ActiveCfg = Debug|x64
		{82758FF2-C8B5-4BFF-9851-58C2307ADB39}.Debug|x64.Build.0 = Debug|x64
		{82758FF2-C8B5-4BFF-9851-58C2307ADB39}.Debug|x86.ActiveCfg = Debug|Win32
		{82758FF2-C8B5-4BFF-9851-58C2307ADB39}.Debug|x86.Build.0 = Debug|Win32
		{82758FF2-C8B5-4BFF-9851-58C2307ADB39}.Release|x64.ActiveCfg = Release|x64
		{82758FF2-C8B5-4BFF-9851-58C2307ADB39}.Release|x64.Build.0 = Release|x64
		{82758FF2-C8B5-4BFF-9851-58C2307ADB39}.Release|x86.ActiveCfg = Release|Win32
		{82758FF2-C8B5-4BFF-9851-58C2307ADB39}.Release|x86.Build.0 = Release|Win32
		{67DCC234-5223-466D-BDDF-4C37085F0040}.Debug|x64.ActiveCfg = Debug|x64
		{67DCC234-5223-466D-BDDF-4C37085F0040}.Debug|x64.Build.0 = Debug|x64
		{67DCC234-5223-466D-BDDF-4C37085F0040}.Debug|x86.ActiveCfg = Debug|Win32
		{67DCC234-5223-466D-BDDF-4C37085F0040}.Debug|x86.Build.0 = Debug|Win32
		{67DCC234-5223-466D-BDDF-4C37085F0040}.Release|x64.ActiveCfg = Release|x64
		{67DCC234-5223-466D-BDDF-4C37085F0040}.Release|x64.Build.0 = Release|x64
		{67DCC234-5223-466D-BDDF-4C37085F0040}.Release|x86.ActiveCfg = Release|Win32
		{67DCC234-5223-466D-BDDF-4C37085F0040}.Release|x86.Build.0 = Release|Win32
	EndGlobalSection
	GlobalSection(SolutionProperties) = preSolution
		HideSolutionNode = FALSE
	EndGlobalSection
	GlobalSection(ExtensibilityGlobals) = postSolution
		SolutionGuid = {5058B937-4A3A-44B7-A0E9-E4EDC6EDEDE4}
	EndGlobalSection
EndGlobal
